
Microsoft Visual Studio Solution File, Format Version 12.00
# Visual Studio 2013
VisualStudioVersion = 12.0.30110.0
MinimumVisualStudioVersion = 10.0.40219.1
Project("{FAE04EC0-301F-11D3-BF4B-00C04F79EFBC}") = "PayRollSystem", "PayRollSystem\PayRollSystem.csproj", "{E594F324-D616-4621-809F-7884BFB44682}"
EndProject
Project("{FAE04EC0-301F-11D3-BF4B-00C04F79EFBC}") = "PayRollSystemModel", "PayRollSystemModel\PayRollSystemModel.csproj", "{E0291581-335C-43BE-BD7F-8026276EF554}"
EndProject
Project("{FAE04EC0-301F-11D3-BF4B-00C04F79EFBC}") = "PayRollSystemDAL", "PayRollSystemDAL\PayRollSystemDAL.csproj", "{C4A3F5A6-5F65-41A6-8270-98A1C82024F5}"
EndProject
Global
	GlobalSection(SolutionConfigurationPlatforms) = preSolution
		Debug|Any CPU = Debug|Any CPU
		Release|Any CPU = Release|Any CPU
	EndGlobalSection
	GlobalSection(ProjectConfigurationPlatforms) = postSolution
		{E594F324-D616-4621-809F-7884BFB44682}.Debug|Any CPU.ActiveCfg = Debug|Any CPU
		{E594F324-D616-4621-809F-7884BFB44682}.Debug|Any CPU.Build.0 = Debug|Any CPU
		{E594F324-D616-4621-809F-7884BFB44682}.Release|Any CPU.ActiveCfg = Release|Any CPU
		{E594F324-D616-4621-809F-7884BFB44682}.Release|Any CPU.Build.0 = Release|Any CPU
		{E0291581-335C-43BE-BD7F-8026276EF554}.Debug|Any CPU.ActiveCfg = Debug|Any CPU
		{E0291581-335C-43BE-BD7F-8026276EF554}.Debug|Any CPU.Build.0 = Debug|Any CPU
		{E0291581-335C-43BE-BD7F-8026276EF554}.Release|Any CPU.ActiveCfg = Release|Any CPU
		{E0291581-335C-43BE-BD7F-8026276EF554}.Release|Any CPU.Build.0 = Release|Any CPU
		{C4A3F5A6-5F65-41A6-8270-98A1C82024F5}.Debug|Any CPU.ActiveCfg = Debug|Any CPU
		{C4A3F5A6-5F65-41A6-8270-98A1C82024F5}.Debug|Any CPU.Build.0 = Debug|Any CPU
		{C4A3F5A6-5F65-41A6-8270-98A1C82024F5}.Release|Any CPU.ActiveCfg = Release|Any CPU
		{C4A3F5A6-5F65-41A6-8270-98A1C82024F5}.Release|Any CPU.Build.0 = Release|Any CPU
	EndGlobalSection
	GlobalSection(SolutionProperties) = preSolution
		HideSolutionNode = FALSE
	EndGlobalSection
EndGlobal
